
Microsoft Visual Studio Solution File, Format Version 12.00
# Visual Studio Version 16
VisualStudioVersion = 16.0.31005.135
MinimumVisualStudioVersion = 10.0.40219.1
Project("{FAE04EC0-301F-11D3-BF4B-00C04F79EFBC}") = "Blogerz.Web", "Blogerz.Web\Blogerz.Web.csproj", "{ED242745-2728-4049-96CF-0DD0A67E6C03}"
EndProject
Global
	GlobalSection(SolutionConfigurationPlatforms) = preSolution
		Debug|Any CPU = Debug|Any CPU
		Release|Any CPU = Release|Any CPU
	EndGlobalSection
	GlobalSection(ProjectConfigurationPlatforms) = postSolution
		{ED242745-2728-4049-96CF-0DD0A67E6C03}.Debug|Any CPU.ActiveCfg = Debug|Any CPU
		{ED242745-2728-4049-96CF-0DD0A67E6C03}.Debug|Any CPU.Build.0 = Debug|Any CPU
		{ED242745-2728-4049-96CF-0DD0A67E6C03}.Release|Any CPU.ActiveCfg = Release|Any CPU
		{ED242745-2728-4049-96CF-0DD0A67E6C03}.Release|Any CPU.Build.0 = Release|Any CPU
	EndGlobalSection
	GlobalSection(SolutionProperties) = preSolution
		HideSolutionNode = FALSE
	EndGlobalSection
	GlobalSection(ExtensibilityGlobals) = postSolution
		SolutionGuid = {772B61A8-F0DF-4091-AF68-B5AC0A3C7E88}
	EndGlobalSection
EndGlobal
